
Microsoft Visual Studio Solution File, Format Version 12.00
# Visual Studio Version 16
VisualStudioVersion = 16.0.30114.105
MinimumVisualStudioVersion = 10.0.40219.1
Project("{FAE04EC0-301F-11D3-BF4B-00C04F79EFBC}") = "ChoixResto", "ChoixResto\ChoixResto.csproj", "{53FB9F11-47ED-40ED-8069-CD006500856C}"
EndProject
Project("{FAE04EC0-301F-11D3-BF4B-00C04F79EFBC}") = "ChoixResto.Tests", "ChoixResto.Tests\ChoixResto.Tests.csproj", "{3A1EEC9B-1116-4CD8-8B13-861A4458ABF4}"
EndProject
Global
	GlobalSection(SolutionConfigurationPlatforms) = preSolution
		Debug|Any CPU = Debug|Any CPU
		Release|Any CPU = Release|Any CPU
	EndGlobalSection
	GlobalSection(ProjectConfigurationPlatforms) = postSolution
		{53FB9F11-47ED-40ED-8069-CD006500856C}.Debug|Any CPU.ActiveCfg = Debug|Any CPU
		{53FB9F11-47ED-40ED-8069-CD006500856C}.Debug|Any CPU.Build.0 = Debug|Any CPU
		{53FB9F11-47ED-40ED-8069-CD006500856C}.Release|Any CPU.ActiveCfg = Release|Any CPU
		{53FB9F11-47ED-40ED-8069-CD006500856C}.Release|Any CPU.Build.0 = Release|Any CPU
		{3A1EEC9B-1116-4CD8-8B13-861A4458ABF4}.Debug|Any CPU.ActiveCfg = Debug|Any CPU
		{3A1EEC9B-1116-4CD8-8B13-861A4458ABF4}.Debug|Any CPU.Build.0 = Debug|Any CPU
		{3A1EEC9B-1116-4CD8-8B13-861A4458ABF4}.Release|Any CPU.ActiveCfg = Release|Any CPU
		{3A1EEC9B-1116-4CD8-8B13-861A4458ABF4}.Release|Any CPU.Build.0 = Release|Any CPU
	EndGlobalSection
	GlobalSection(SolutionProperties) = preSolution
		HideSolutionNode = FALSE
	EndGlobalSection
	GlobalSection(ExtensibilityGlobals) = postSolution
		SolutionGuid = {17B2C813-BD77-46BB-8008-D83DACF2668A}
	EndGlobalSection
EndGlobal
